// !$*UTF8*$!
{
	archiveVersion = 1;
	classes = {
	};
	objectVersion = 46;
	objects = {

/* Begin PBXBuildFile section */
		D3667363162AB26A0087B8BF /* UIKit.framework in Frameworks */ = {isa = PBXBuildFile; fileRef = D3667362162AB26A0087B8BF /* UIKit.framework */; };
		D3667365162AB26A0087B8BF /* Foundation.framework in Frameworks */ = {isa = PBXBuildFile; fileRef = D3667364162AB26A0087B8BF /* Foundation.framework */; };
		D3667367162AB26A0087B8BF /* CoreGraphics.framework in Frameworks */ = {isa = PBXBuildFile; fileRef = D3667366162AB26A0087B8BF /* CoreGraphics.framework */; };
		D366736D162AB26A0087B8BF /* InfoPlist.strings in Resources */ = {isa = PBXBuildFile; fileRef = D366736B162AB26A0087B8BF /* InfoPlist.strings */; };
		D366736F162AB26A0087B8BF /* main.m in Sources */ = {isa = PBXBuildFile; fileRef = D366736E162AB26A0087B8BF /* main.m */; };
		D3667375162AB26A0087B8BF /* Default.png in Resources */ = {isa = PBXBuildFile; fileRef = D3667374162AB26A0087B8BF /* Default.png */; };
		D3667377162AB26A0087B8BF /* Default@2x.png in Resources */ = {isa = PBXBuildFile; fileRef = D3667376162AB26A0087B8BF /* Default@2x.png */; };
		D3667379162AB26A0087B8BF /* Default-568h@2x.png in Resources */ = {isa = PBXBuildFile; fileRef = D3667378162AB26A0087B8BF /* Default-568h@2x.png */; };
		D3667381162AB26A0087B8BF /* SenTestingKit.framework in Frameworks */ = {isa = PBXBuildFile; fileRef = D3667380162AB26A0087B8BF /* SenTestingKit.framework */; };
		D3667382162AB26A0087B8BF /* UIKit.framework in Frameworks */ = {isa = PBXBuildFile; fileRef = D3667362162AB26A0087B8BF /* UIKit.framework */; };
		D3667383162AB26A0087B8BF /* Foundation.framework in Frameworks */ = {isa = PBXBuildFile; fileRef = D3667364162AB26A0087B8BF /* Foundation.framework */; };
		D366738B162AB26A0087B8BF /* InfoPlist.strings in Resources */ = {isa = PBXBuildFile; fileRef = D3667389162AB26A0087B8BF /* InfoPlist.strings */; };
		D366738E162AB26A0087B8BF /* GitLabAPITests.m in Sources */ = {isa = PBXBuildFile; fileRef = D366738D162AB26A0087B8BF /* GitLabAPITests.m */; };
		D36673A0162ABADF0087B8BF /* APIInterface.m in Sources */ = {isa = PBXBuildFile; fileRef = D366739F162ABADF0087B8BF /* APIInterface.m */; };
		D36673A3162ABBAD0087B8BF /* User.m in Sources */ = {isa = PBXBuildFile; fileRef = D36673A2162ABBAD0087B8BF /* User.m */; };
		D366742A162ADE100087B8BF /* libxml2.dylib in Frameworks */ = {isa = PBXBuildFile; fileRef = D3667429162ADE100087B8BF /* libxml2.dylib */; };
		D366742C162ADE280087B8BF /* libz.dylib in Frameworks */ = {isa = PBXBuildFile; fileRef = D366742B162ADE280087B8BF /* libz.dylib */; };
		D366742E162ADF210087B8BF /* CFNetwork.framework in Frameworks */ = {isa = PBXBuildFile; fileRef = D366742D162ADF210087B8BF /* CFNetwork.framework */; };
		D3667439162ADF400087B8BF /* MobileCoreServices.framework in Frameworks */ = {isa = PBXBuildFile; fileRef = D3667432162ADF400087B8BF /* MobileCoreServices.framework */; };
		D366743A162ADF400087B8BF /* Security.framework in Frameworks */ = {isa = PBXBuildFile; fileRef = D3667433162ADF400087B8BF /* Security.framework */; };
		D366743B162ADF400087B8BF /* SystemConfiguration.framework in Frameworks */ = {isa = PBXBuildFile; fileRef = D3667434162ADF400087B8BF /* SystemConfiguration.framework */; };
		D3667456162AE28D0087B8BF /* ASIAuthenticationDialog.m in Sources */ = {isa = PBXBuildFile; fileRef = D3667440162AE28D0087B8BF /* ASIAuthenticationDialog.m */; };
		D3667457162AE28D0087B8BF /* ASIDataCompressor.m in Sources */ = {isa = PBXBuildFile; fileRef = D3667443162AE28D0087B8BF /* ASIDataCompressor.m */; };
		D3667458162AE28D0087B8BF /* ASIDataDecompressor.m in Sources */ = {isa = PBXBuildFile; fileRef = D3667445162AE28D0087B8BF /* ASIDataDecompressor.m */; };
		D3667459162AE28D0087B8BF /* ASIDownloadCache.m in Sources */ = {isa = PBXBuildFile; fileRef = D3667447162AE28D0087B8BF /* ASIDownloadCache.m */; };
		D366745A162AE28D0087B8BF /* ASIFormDataRequest.m in Sources */ = {isa = PBXBuildFile; fileRef = D3667449162AE28D0087B8BF /* ASIFormDataRequest.m */; };
		D366745B162AE28D0087B8BF /* ASIHTTPRequest.m in Sources */ = {isa = PBXBuildFile; fileRef = D366744B162AE28D0087B8BF /* ASIHTTPRequest.m */; };
		D366745C162AE28D0087B8BF /* ASIInputStream.m in Sources */ = {isa = PBXBuildFile; fileRef = D366744F162AE28D0087B8BF /* ASIInputStream.m */; };
		D366745D162AE28D0087B8BF /* ASINetworkQueue.m in Sources */ = {isa = PBXBuildFile; fileRef = D3667451162AE28D0087B8BF /* ASINetworkQueue.m */; };
		D366745E162AE28D0087B8BF /* Reachability.m in Sources */ = {isa = PBXBuildFile; fileRef = D3667455162AE28D0087B8BF /* Reachability.m */; };
		D3667461162B0C020087B8BF /* JSONKit.m in Sources */ = {isa = PBXBuildFile; fileRef = D3667460162B0C020087B8BF /* JSONKit.m */; };
		D3667468162B374E0087B8BF /* Project.m in Sources */ = {isa = PBXBuildFile; fileRef = D3667467162B374E0087B8BF /* Project.m */; };
		D366746B162B49E70087B8BF /* Person.m in Sources */ = {isa = PBXBuildFile; fileRef = D366746A162B49E70087B8BF /* Person.m */; };
		D366746E162B60250087B8BF /* Milestone.m in Sources */ = {isa = PBXBuildFile; fileRef = D366746D162B60250087B8BF /* Milestone.m */; };
		D3667471162B684B0087B8BF /* Issues.m in Sources */ = {isa = PBXBuildFile; fileRef = D3667470162B684B0087B8BF /* Issues.m */; };
		D3667474162B768A0087B8BF /* Branch.m in Sources */ = {isa = PBXBuildFile; fileRef = D3667473162B768A0087B8BF /* Branch.m */; };
		D3667477162B7EA20087B8BF /* Commits.m in Sources */ = {isa = PBXBuildFile; fileRef = D3667476162B7EA20087B8BF /* Commits.m */; };
/* End PBXBuildFile section */

/* Begin PBXContainerItemProxy section */
		D3667384162AB26A0087B8BF /* PBXContainerItemProxy */ = {
			isa = PBXContainerItemProxy;
			containerPortal = D3667355162AB26A0087B8BF /* Project object */;
			proxyType = 1;
			remoteGlobalIDString = D366735D162AB26A0087B8BF;
			remoteInfo = GitLabAPI;
		};
/* End PBXContainerItemProxy section */

/* Begin PBXFileReference section */
		D366735E162AB26A0087B8BF /* GitLabAPI.app */ = {isa = PBXFileReference; explicitFileType = wrapper.application; includeInIndex = 0; path = GitLabAPI.app; sourceTree = BUILT_PRODUCTS_DIR; };
		D3667362162AB26A0087B8BF /* UIKit.framework */ = {isa = PBXFileReference; lastKnownFileType = wrapper.framework; name = UIKit.framework; path = System/Library/Frameworks/UIKit.framework; sourceTree = SDKROOT; };
		D3667364162AB26A0087B8BF /* Foundation.framework */ = {isa = PBXFileReference; lastKnownFileType = wrapper.framework; name = Foundation.framework; path = System/Library/Frameworks/Foundation.framework; sourceTree = SDKROOT; };
		D3667366162AB26A0087B8BF /* CoreGraphics.framework */ = {isa = PBXFileReference; lastKnownFileType = wrapper.framework; name = CoreGraphics.framework; path = System/Library/Frameworks/CoreGraphics.framework; sourceTree = SDKROOT; };
		D366736A162AB26A0087B8BF /* GitLabAPI-Info.plist */ = {isa = PBXFileReference; lastKnownFileType = text.plist.xml; path = "GitLabAPI-Info.plist"; sourceTree = "<group>"; };
		D366736C162AB26A0087B8BF /* en */ = {isa = PBXFileReference; lastKnownFileType = text.plist.strings; name = en; path = en.lproj/InfoPlist.strings; sourceTree = "<group>"; };
		D366736E162AB26A0087B8BF /* main.m */ = {isa = PBXFileReference; lastKnownFileType = sourcecode.c.objc; path = main.m; sourceTree = "<group>"; };
		D3667370162AB26A0087B8BF /* GitLabAPI-Prefix.pch */ = {isa = PBXFileReference; lastKnownFileType = sourcecode.c.h; path = "GitLabAPI-Prefix.pch"; sourceTree = "<group>"; };
		D3667374162AB26A0087B8BF /* Default.png */ = {isa = PBXFileReference; lastKnownFileType = image.png; path = Default.png; sourceTree = "<group>"; };
		D3667376162AB26A0087B8BF /* Default@2x.png */ = {isa = PBXFileReference; lastKnownFileType = image.png; path = "Default@2x.png"; sourceTree = "<group>"; };
		D3667378162AB26A0087B8BF /* Default-568h@2x.png */ = {isa = PBXFileReference; lastKnownFileType = image.png; path = "Default-568h@2x.png"; sourceTree = "<group>"; };
		D366737F162AB26A0087B8BF /* GitLabAPITests.octest */ = {isa = PBXFileReference; explicitFileType = wrapper.cfbundle; includeInIndex = 0; path = GitLabAPITests.octest; sourceTree = BUILT_PRODUCTS_DIR; };
		D3667380162AB26A0087B8BF /* SenTestingKit.framework */ = {isa = PBXFileReference; lastKnownFileType = wrapper.framework; name = SenTestingKit.framework; path = Library/Frameworks/SenTestingKit.framework; sourceTree = DEVELOPER_DIR; };
		D3667388162AB26A0087B8BF /* GitLabAPITests-Info.plist */ = {isa = PBXFileReference; lastKnownFileType = text.plist.xml; path = "GitLabAPITests-Info.plist"; sourceTree = "<group>"; };
		D366738A162AB26A0087B8BF /* en */ = {isa = PBXFileReference; lastKnownFileType = text.plist.strings; name = en; path = en.lproj/InfoPlist.strings; sourceTree = "<group>"; };
		D366738C162AB26A0087B8BF /* GitLabAPITests.h */ = {isa = PBXFileReference; lastKnownFileType = sourcecode.c.h; path = GitLabAPITests.h; sourceTree = "<group>"; };
		D366738D162AB26A0087B8BF /* GitLabAPITests.m */ = {isa = PBXFileReference; lastKnownFileType = sourcecode.c.objc; path = GitLabAPITests.m; sourceTree = "<group>"; };
		D366739E162ABADF0087B8BF /* APIInterface.h */ = {isa = PBXFileReference; fileEncoding = 4; lastKnownFileType = sourcecode.c.h; path = APIInterface.h; sourceTree = "<group>"; };
		D366739F162ABADF0087B8BF /* APIInterface.m */ = {isa = PBXFileReference; fileEncoding = 4; lastKnownFileType = sourcecode.c.objc; path = APIInterface.m; sourceTree = "<group>"; };
		D36673A1162ABBAD0087B8BF /* User.h */ = {isa = PBXFileReference; fileEncoding = 4; lastKnownFileType = sourcecode.c.h; path = User.h; sourceTree = "<group>"; };
		D36673A2162ABBAD0087B8BF /* User.m */ = {isa = PBXFileReference; fileEncoding = 4; lastKnownFileType = sourcecode.c.objc; path = User.m; sourceTree = "<group>"; };
		D3667429162ADE100087B8BF /* libxml2.dylib */ = {isa = PBXFileReference; lastKnownFileType = "compiled.mach-o.dylib"; name = libxml2.dylib; path = usr/lib/libxml2.dylib; sourceTree = SDKROOT; };
		D366742B162ADE280087B8BF /* libz.dylib */ = {isa = PBXFileReference; lastKnownFileType = "compiled.mach-o.dylib"; name = libz.dylib; path = usr/lib/libz.dylib; sourceTree = SDKROOT; };
		D366742D162ADF210087B8BF /* CFNetwork.framework */ = {isa = PBXFileReference; lastKnownFileType = wrapper.framework; name = CFNetwork.framework; path = System/Library/Frameworks/CFNetwork.framework; sourceTree = SDKROOT; };
		D3667432162ADF400087B8BF /* MobileCoreServices.framework */ = {isa = PBXFileReference; lastKnownFileType = wrapper.framework; name = MobileCoreServices.framework; path = System/Library/Frameworks/MobileCoreServices.framework; sourceTree = SDKROOT; };
		D3667433162ADF400087B8BF /* Security.framework */ = {isa = PBXFileReference; lastKnownFileType = wrapper.framework; name = Security.framework; path = System/Library/Frameworks/Security.framework; sourceTree = SDKROOT; };
		D3667434162ADF400087B8BF /* SystemConfiguration.framework */ = {isa = PBXFileReference; lastKnownFileType = wrapper.framework; name = SystemConfiguration.framework; path = System/Library/Frameworks/SystemConfiguration.framework; sourceTree = SDKROOT; };
		D366743F162AE28D0087B8BF /* ASIAuthenticationDialog.h */ = {isa = PBXFileReference; fileEncoding = 4; lastKnownFileType = sourcecode.c.h; path = ASIAuthenticationDialog.h; sourceTree = "<group>"; };
		D3667440162AE28D0087B8BF /* ASIAuthenticationDialog.m */ = {isa = PBXFileReference; fileEncoding = 4; lastKnownFileType = sourcecode.c.objc; path = ASIAuthenticationDialog.m; sourceTree = "<group>"; };
		D3667441162AE28D0087B8BF /* ASICacheDelegate.h */ = {isa = PBXFileReference; fileEncoding = 4; lastKnownFileType = sourcecode.c.h; path = ASICacheDelegate.h; sourceTree = "<group>"; };
		D3667442162AE28D0087B8BF /* ASIDataCompressor.h */ = {isa = PBXFileReference; fileEncoding = 4; lastKnownFileType = sourcecode.c.h; path = ASIDataCompressor.h; sourceTree = "<group>"; };
		D3667443162AE28D0087B8BF /* ASIDataCompressor.m */ = {isa = PBXFileReference; fileEncoding = 4; lastKnownFileType = sourcecode.c.objc; path = ASIDataCompressor.m; sourceTree = "<group>"; };
		D3667444162AE28D0087B8BF /* ASIDataDecompressor.h */ = {isa = PBXFileReference; fileEncoding = 4; lastKnownFileType = sourcecode.c.h; path = ASIDataDecompressor.h; sourceTree = "<group>"; };
		D3667445162AE28D0087B8BF /* ASIDataDecompressor.m */ = {isa = PBXFileReference; fileEncoding = 4; lastKnownFileType = sourcecode.c.objc; path = ASIDataDecompressor.m; sourceTree = "<group>"; };
		D3667446162AE28D0087B8BF /* ASIDownloadCache.h */ = {isa = PBXFileReference; fileEncoding = 4; lastKnownFileType = sourcecode.c.h; path = ASIDownloadCache.h; sourceTree = "<group>"; };
		D3667447162AE28D0087B8BF /* ASIDownloadCache.m */ = {isa = PBXFileReference; fileEncoding = 4; lastKnownFileType = sourcecode.c.objc; path = ASIDownloadCache.m; sourceTree = "<group>"; };
		D3667448162AE28D0087B8BF /* ASIFormDataRequest.h */ = {isa = PBXFileReference; fileEncoding = 4; lastKnownFileType = sourcecode.c.h; path = ASIFormDataRequest.h; sourceTree = "<group>"; };
		D3667449162AE28D0087B8BF /* ASIFormDataRequest.m */ = {isa = PBXFileReference; fileEncoding = 4; lastKnownFileType = sourcecode.c.objc; path = ASIFormDataRequest.m; sourceTree = "<group>"; };
		D366744A162AE28D0087B8BF /* ASIHTTPRequest.h */ = {isa = PBXFileReference; fileEncoding = 4; lastKnownFileType = sourcecode.c.h; path = ASIHTTPRequest.h; sourceTree = "<group>"; };
		D366744B162AE28D0087B8BF /* ASIHTTPRequest.m */ = {isa = PBXFileReference; fileEncoding = 4; lastKnownFileType = sourcecode.c.objc; path = ASIHTTPRequest.m; sourceTree = "<group>"; };
		D366744C162AE28D0087B8BF /* ASIHTTPRequestConfig.h */ = {isa = PBXFileReference; fileEncoding = 4; lastKnownFileType = sourcecode.c.h; path = ASIHTTPRequestConfig.h; sourceTree = "<group>"; };
		D366744D162AE28D0087B8BF /* ASIHTTPRequestDelegate.h */ = {isa = PBXFileReference; fileEncoding = 4; lastKnownFileType = sourcecode.c.h; path = ASIHTTPRequestDelegate.h; sourceTree = "<group>"; };
		D366744E162AE28D0087B8BF /* ASIInputStream.h */ = {isa = PBXFileReference; fileEncoding = 4; lastKnownFileType = sourcecode.c.h; path = ASIInputStream.h; sourceTree = "<group>"; };
		D366744F162AE28D0087B8BF /* ASIInputStream.m */ = {isa = PBXFileReference; fileEncoding = 4; lastKnownFileType = sourcecode.c.objc; path = ASIInputStream.m; sourceTree = "<group>"; };
		D3667450162AE28D0087B8BF /* ASINetworkQueue.h */ = {isa = PBXFileReference; fileEncoding = 4; lastKnownFileType = sourcecode.c.h; path = ASINetworkQueue.h; sourceTree = "<group>"; };
		D3667451162AE28D0087B8BF /* ASINetworkQueue.m */ = {isa = PBXFileReference; fileEncoding = 4; lastKnownFileType = sourcecode.c.objc; path = ASINetworkQueue.m; sourceTree = "<group>"; };
		D3667452162AE28D0087B8BF /* ASIProgressDelegate.h */ = {isa = PBXFileReference; fileEncoding = 4; lastKnownFileType = sourcecode.c.h; path = ASIProgressDelegate.h; sourceTree = "<group>"; };
		D3667454162AE28D0087B8BF /* Reachability.h */ = {isa = PBXFileReference; fileEncoding = 4; lastKnownFileType = sourcecode.c.h; path = Reachability.h; sourceTree = "<group>"; };
		D3667455162AE28D0087B8BF /* Reachability.m */ = {isa = PBXFileReference; fileEncoding = 4; lastKnownFileType = sourcecode.c.objc; path = Reachability.m; sourceTree = "<group>"; };
		D366745F162B0C020087B8BF /* JSONKit.h */ = {isa = PBXFileReference; fileEncoding = 4; lastKnownFileType = sourcecode.c.h; path = JSONKit.h; sourceTree = "<group>"; };
		D3667460162B0C020087B8BF /* JSONKit.m */ = {isa = PBXFileReference; fileEncoding = 4; lastKnownFileType = sourcecode.c.objc; path = JSONKit.m; sourceTree = "<group>"; };
		D3667466162B374E0087B8BF /* Project.h */ = {isa = PBXFileReference; fileEncoding = 4; lastKnownFileType = sourcecode.c.h; path = Project.h; sourceTree = "<group>"; };
		D3667467162B374E0087B8BF /* Project.m */ = {isa = PBXFileReference; fileEncoding = 4; lastKnownFileType = sourcecode.c.objc; path = Project.m; sourceTree = "<group>"; };
		D3667469162B49E70087B8BF /* Person.h */ = {isa = PBXFileReference; fileEncoding = 4; lastKnownFileType = sourcecode.c.h; path = Person.h; sourceTree = "<group>"; };
		D366746A162B49E70087B8BF /* Person.m */ = {isa = PBXFileReference; fileEncoding = 4; lastKnownFileType = sourcecode.c.objc; path = Person.m; sourceTree = "<group>"; };
		D366746C162B60250087B8BF /* Milestone.h */ = {isa = PBXFileReference; fileEncoding = 4; lastKnownFileType = sourcecode.c.h; path = Milestone.h; sourceTree = "<group>"; };
		D366746D162B60250087B8BF /* Milestone.m */ = {isa = PBXFileReference; fileEncoding = 4; lastKnownFileType = sourcecode.c.objc; path = Milestone.m; sourceTree = "<group>"; };
		D366746F162B684B0087B8BF /* Issues.h */ = {isa = PBXFileReference; fileEncoding = 4; lastKnownFileType = sourcecode.c.h; path = Issues.h; sourceTree = "<group>"; };
		D3667470162B684B0087B8BF /* Issues.m */ = {isa = PBXFileReference; fileEncoding = 4; lastKnownFileType = sourcecode.c.objc; path = Issues.m; sourceTree = "<group>"; };
		D3667472162B768A0087B8BF /* Branch.h */ = {isa = PBXFileReference; fileEncoding = 4; lastKnownFileType = sourcecode.c.h; path = Branch.h; sourceTree = "<group>"; };
		D3667473162B768A0087B8BF /* Branch.m */ = {isa = PBXFileReference; fileEncoding = 4; lastKnownFileType = sourcecode.c.objc; path = Branch.m; sourceTree = "<group>"; };
		D3667475162B7EA20087B8BF /* Commits.h */ = {isa = PBXFileReference; fileEncoding = 4; lastKnownFileType = sourcecode.c.h; path = Commits.h; sourceTree = "<group>"; };
		D3667476162B7EA20087B8BF /* Commits.m */ = {isa = PBXFileReference; fileEncoding = 4; lastKnownFileType = sourcecode.c.objc; path = Commits.m; sourceTree = "<group>"; };
/* End PBXFileReference section */

/* Begin PBXFrameworksBuildPhase section */
		D366735B162AB26A0087B8BF /* Frameworks */ = {
			isa = PBXFrameworksBuildPhase;
			buildActionMask = 2147483647;
			files = (
				D366742C162ADE280087B8BF /* libz.dylib in Frameworks */,
				D366742A162ADE100087B8BF /* libxml2.dylib in Frameworks */,
				D3667363162AB26A0087B8BF /* UIKit.framework in Frameworks */,
				D3667365162AB26A0087B8BF /* Foundation.framework in Frameworks */,
				D3667367162AB26A0087B8BF /* CoreGraphics.framework in Frameworks */,
				D366742E162ADF210087B8BF /* CFNetwork.framework in Frameworks */,
				D3667439162ADF400087B8BF /* MobileCoreServices.framework in Frameworks */,
				D366743A162ADF400087B8BF /* Security.framework in Frameworks */,
				D366743B162ADF400087B8BF /* SystemConfiguration.framework in Frameworks */,
			);
			runOnlyForDeploymentPostprocessing = 0;
		};
		D366737B162AB26A0087B8BF /* Frameworks */ = {
			isa = PBXFrameworksBuildPhase;
			buildActionMask = 2147483647;
			files = (
				D3667381162AB26A0087B8BF /* SenTestingKit.framework in Frameworks */,
				D3667382162AB26A0087B8BF /* UIKit.framework in Frameworks */,
				D3667383162AB26A0087B8BF /* Foundation.framework in Frameworks */,
			);
			runOnlyForDeploymentPostprocessing = 0;
		};
/* End PBXFrameworksBuildPhase section */

/* Begin PBXGroup section */
		D3667353162AB26A0087B8BF = {
			isa = PBXGroup;
			children = (
				D3667462162B0C0E0087B8BF /* Json */,
				D366743D162AE2720087B8BF /* ASI */,
				D3667368162AB26A0087B8BF /* GitLabAPI */,
				D3667386162AB26A0087B8BF /* GitLabAPITests */,
				D3667361162AB26A0087B8BF /* Frameworks */,
				D366735F162AB26A0087B8BF /* Products */,
			);
			sourceTree = "<group>";
		};
		D366735F162AB26A0087B8BF /* Products */ = {
			isa = PBXGroup;
			children = (
				D366735E162AB26A0087B8BF /* GitLabAPI.app */,
				D366737F162AB26A0087B8BF /* GitLabAPITests.octest */,
			);
			name = Products;
			sourceTree = "<group>";
		};
		D3667361162AB26A0087B8BF /* Frameworks */ = {
			isa = PBXGroup;
			children = (
				D3667432162ADF400087B8BF /* MobileCoreServices.framework */,
				D3667433162ADF400087B8BF /* Security.framework */,
				D3667434162ADF400087B8BF /* SystemConfiguration.framework */,
				D366742D162ADF210087B8BF /* CFNetwork.framework */,
				D366742B162ADE280087B8BF /* libz.dylib */,
				D3667429162ADE100087B8BF /* libxml2.dylib */,
				D3667362162AB26A0087B8BF /* UIKit.framework */,
				D3667364162AB26A0087B8BF /* Foundation.framework */,
				D3667366162AB26A0087B8BF /* CoreGraphics.framework */,
				D3667380162AB26A0087B8BF /* SenTestingKit.framework */,
			);
			name = Frameworks;
			sourceTree = "<group>";
		};
		D3667368162AB26A0087B8BF /* GitLabAPI */ = {
			isa = PBXGroup;
			children = (
				D366736E162AB26A0087B8BF /* main.m */,
				D366739E162ABADF0087B8BF /* APIInterface.h */,
				D366739F162ABADF0087B8BF /* APIInterface.m */,
				D3667475162B7EA20087B8BF /* Commits.h */,
				D3667476162B7EA20087B8BF /* Commits.m */,
				D3667472162B768A0087B8BF /* Branch.h */,
				D3667473162B768A0087B8BF /* Branch.m */,
				D3667469162B49E70087B8BF /* Person.h */,
				D366746A162B49E70087B8BF /* Person.m */,
				D366746F162B684B0087B8BF /* Issues.h */,
				D3667470162B684B0087B8BF /* Issues.m */,
				D36673A1162ABBAD0087B8BF /* User.h */,
				D36673A2162ABBAD0087B8BF /* User.m */,
				D3667466162B374E0087B8BF /* Project.h */,
				D3667467162B374E0087B8BF /* Project.m */,
				D366746C162B60250087B8BF /* Milestone.h */,
				D366746D162B60250087B8BF /* Milestone.m */,
				D3667369162AB26A0087B8BF /* Supporting Files */,
			);
			path = GitLabAPI;
			sourceTree = "<group>";
		};
		D3667369162AB26A0087B8BF /* Supporting Files */ = {
			isa = PBXGroup;
			children = (
				D366736A162AB26A0087B8BF /* GitLabAPI-Info.plist */,
				D366736B162AB26A0087B8BF /* InfoPlist.strings */,
				D3667370162AB26A0087B8BF /* GitLabAPI-Prefix.pch */,
				D3667374162AB26A0087B8BF /* Default.png */,
				D3667376162AB26A0087B8BF /* Default@2x.png */,
				D3667378162AB26A0087B8BF /* Default-568h@2x.png */,
			);
			name = "Supporting Files";
			sourceTree = "<group>";
		};
		D3667386162AB26A0087B8BF /* GitLabAPITests */ = {
			isa = PBXGroup;
			children = (
				D366738C162AB26A0087B8BF /* GitLabAPITests.h */,
				D366738D162AB26A0087B8BF /* GitLabAPITests.m */,
				D3667387162AB26A0087B8BF /* Supporting Files */,
			);
			path = GitLabAPITests;
			sourceTree = "<group>";
		};
		D3667387162AB26A0087B8BF /* Supporting Files */ = {
			isa = PBXGroup;
			children = (
				D3667388162AB26A0087B8BF /* GitLabAPITests-Info.plist */,
				D3667389162AB26A0087B8BF /* InfoPlist.strings */,
			);
			name = "Supporting Files";
			sourceTree = "<group>";
		};
		D366743D162AE2720087B8BF /* ASI */ = {
			isa = PBXGroup;
			children = (
				D366743E162AE28D0087B8BF /* Classes */,
				D3667453162AE28D0087B8BF /* Reachability */,
			);
			name = ASI;
			path = GitLabAPI;
			sourceTree = "<group>";
		};
		D366743E162AE28D0087B8BF /* Classes */ = {
			isa = PBXGroup;
			children = (
				D366743F162AE28D0087B8BF /* ASIAuthenticationDialog.h */,
				D3667440162AE28D0087B8BF /* ASIAuthenticationDialog.m */,
				D3667441162AE28D0087B8BF /* ASICacheDelegate.h */,
				D3667442162AE28D0087B8BF /* ASIDataCompressor.h */,
				D3667443162AE28D0087B8BF /* ASIDataCompressor.m */,
				D3667444162AE28D0087B8BF /* ASIDataDecompressor.h */,
				D3667445162AE28D0087B8BF /* ASIDataDecompressor.m */,
				D3667446162AE28D0087B8BF /* ASIDownloadCache.h */,
				D3667447162AE28D0087B8BF /* ASIDownloadCache.m */,
				D3667448162AE28D0087B8BF /* ASIFormDataRequest.h */,
				D3667449162AE28D0087B8BF /* ASIFormDataRequest.m */,
				D366744A162AE28D0087B8BF /* ASIHTTPRequest.h */,
				D366744B162AE28D0087B8BF /* ASIHTTPRequest.m */,
				D366744C162AE28D0087B8BF /* ASIHTTPRequestConfig.h */,
				D366744D162AE28D0087B8BF /* ASIHTTPRequestDelegate.h */,
				D366744E162AE28D0087B8BF /* ASIInputStream.h */,
				D366744F162AE28D0087B8BF /* ASIInputStream.m */,
				D3667450162AE28D0087B8BF /* ASINetworkQueue.h */,
				D3667451162AE28D0087B8BF /* ASINetworkQueue.m */,
				D3667452162AE28D0087B8BF /* ASIProgressDelegate.h */,
			);
			path = Classes;
			sourceTree = "<group>";
		};
		D3667453162AE28D0087B8BF /* Reachability */ = {
			isa = PBXGroup;
			children = (
				D3667454162AE28D0087B8BF /* Reachability.h */,
				D3667455162AE28D0087B8BF /* Reachability.m */,
			);
			path = Reachability;
			sourceTree = "<group>";
		};
		D3667462162B0C0E0087B8BF /* Json */ = {
			isa = PBXGroup;
			children = (
				D3667460162B0C020087B8BF /* JSONKit.m */,
				D366745F162B0C020087B8BF /* JSONKit.h */,
			);
			name = Json;
			sourceTree = "<group>";
		};
/* End PBXGroup section */

/* Begin PBXNativeTarget section */
		D366735D162AB26A0087B8BF /* GitLabAPI */ = {
			isa = PBXNativeTarget;
			buildConfigurationList = D3667391162AB26A0087B8BF /* Build configuration list for PBXNativeTarget "GitLabAPI" */;
			buildPhases = (
				D366735A162AB26A0087B8BF /* Sources */,
				D366735B162AB26A0087B8BF /* Frameworks */,
				D366735C162AB26A0087B8BF /* Resources */,
			);
			buildRules = (
			);
			dependencies = (
			);
			name = GitLabAPI;
			productName = GitLabAPI;
			productReference = D366735E162AB26A0087B8BF /* GitLabAPI.app */;
			productType = "com.apple.product-type.application";
		};
		D366737E162AB26A0087B8BF /* GitLabAPITests */ = {
			isa = PBXNativeTarget;
			buildConfigurationList = D3667394162AB26A0087B8BF /* Build configuration list for PBXNativeTarget "GitLabAPITests" */;
			buildPhases = (
				D366737A162AB26A0087B8BF /* Sources */,
				D366737B162AB26A0087B8BF /* Frameworks */,
				D366737C162AB26A0087B8BF /* Resources */,
				D366737D162AB26A0087B8BF /* ShellScript */,
			);
			buildRules = (
			);
			dependencies = (
				D3667385162AB26A0087B8BF /* PBXTargetDependency */,
			);
			name = GitLabAPITests;
			productName = GitLabAPITests;
			productReference = D366737F162AB26A0087B8BF /* GitLabAPITests.octest */;
			productType = "com.apple.product-type.bundle";
		};
/* End PBXNativeTarget section */

/* Begin PBXProject section */
		D3667355162AB26A0087B8BF /* Project object */ = {
			isa = PBXProject;
			attributes = {
				LastUpgradeCheck = 0450;
				ORGANIZATIONNAME = "Корзун Владислав";
			};
			buildConfigurationList = D3667358162AB26A0087B8BF /* Build configuration list for PBXProject "GitLabAPI" */;
			compatibilityVersion = "Xcode 3.2";
			developmentRegion = English;
			hasScannedForEncodings = 0;
			knownRegions = (
				en,
			);
			mainGroup = D3667353162AB26A0087B8BF;
			productRefGroup = D366735F162AB26A0087B8BF /* Products */;
			projectDirPath = "";
			projectRoot = "";
			targets = (
				D366735D162AB26A0087B8BF /* GitLabAPI */,
				D366737E162AB26A0087B8BF /* GitLabAPITests */,
			);
		};
/* End PBXProject section */

/* Begin PBXResourcesBuildPhase section */
		D366735C162AB26A0087B8BF /* Resources */ = {
			isa = PBXResourcesBuildPhase;
			buildActionMask = 2147483647;
			files = (
				D366736D162AB26A0087B8BF /* InfoPlist.strings in Resources */,
				D3667375162AB26A0087B8BF /* Default.png in Resources */,
				D3667377162AB26A0087B8BF /* Default@2x.png in Resources */,
				D3667379162AB26A0087B8BF /* Default-568h@2x.png in Resources */,
			);
			runOnlyForDeploymentPostprocessing = 0;
		};
		D366737C162AB26A0087B8BF /* Resources */ = {
			isa = PBXResourcesBuildPhase;
			buildActionMask = 2147483647;
			files = (
				D366738B162AB26A0087B8BF /* InfoPlist.strings in Resources */,
			);
			runOnlyForDeploymentPostprocessing = 0;
		};
/* End PBXResourcesBuildPhase section */

/* Begin PBXShellScriptBuildPhase section */
		D366737D162AB26A0087B8BF /* ShellScript */ = {
			isa = PBXShellScriptBuildPhase;
			buildActionMask = 2147483647;
			files = (
			);
			inputPaths = (
			);
			outputPaths = (
			);
			runOnlyForDeploymentPostprocessing = 0;
			shellPath = /bin/sh;
			shellScript = "# Run the unit tests in this test bundle.\n\"${SYSTEM_DEVELOPER_DIR}/Tools/RunUnitTests\"\n";
		};
/* End PBXShellScriptBuildPhase section */

/* Begin PBXSourcesBuildPhase section */
		D366735A162AB26A0087B8BF /* Sources */ = {
			isa = PBXSourcesBuildPhase;
			buildActionMask = 2147483647;
			files = (
				D366736F162AB26A0087B8BF /* main.m in Sources */,
				D36673A0162ABADF0087B8BF /* APIInterface.m in Sources */,
				D36673A3162ABBAD0087B8BF /* User.m in Sources */,
				D3667456162AE28D0087B8BF /* ASIAuthenticationDialog.m in Sources */,
				D3667457162AE28D0087B8BF /* ASIDataCompressor.m in Sources */,
				D3667458162AE28D0087B8BF /* ASIDataDecompressor.m in Sources */,
				D3667459162AE28D0087B8BF /* ASIDownloadCache.m in Sources */,
				D366745A162AE28D0087B8BF /* ASIFormDataRequest.m in Sources */,
				D366745B162AE28D0087B8BF /* ASIHTTPRequest.m in Sources */,
				D366745C162AE28D0087B8BF /* ASIInputStream.m in Sources */,
				D366745D162AE28D0087B8BF /* ASINetworkQueue.m in Sources */,
				D366745E162AE28D0087B8BF /* Reachability.m in Sources */,
				D3667461162B0C020087B8BF /* JSONKit.m in Sources */,
				D3667468162B374E0087B8BF /* Project.m in Sources */,
				D366746B162B49E70087B8BF /* Person.m in Sources */,
				D366746E162B60250087B8BF /* Milestone.m in Sources */,
				D3667471162B684B0087B8BF /* Issues.m in Sources */,
				D3667474162B768A0087B8BF /* Branch.m in Sources */,
				D3667477162B7EA20087B8BF /* Commits.m in Sources */,
			);
			runOnlyForDeploymentPostprocessing = 0;
		};
		D366737A162AB26A0087B8BF /* Sources */ = {
			isa = PBXSourcesBuildPhase;
			buildActionMask = 2147483647;
			files = (
				D366738E162AB26A0087B8BF /* GitLabAPITests.m in Sources */,
			);
			runOnlyForDeploymentPostprocessing = 0;
		};
/* End PBXSourcesBuildPhase section */

/* Begin PBXTargetDependency section */
		D3667385162AB26A0087B8BF /* PBXTargetDependency */ = {
			isa = PBXTargetDependency;
			target = D366735D162AB26A0087B8BF /* GitLabAPI */;
			targetProxy = D3667384162AB26A0087B8BF /* PBXContainerItemProxy */;
		};
/* End PBXTargetDependency section */

/* Begin PBXVariantGroup section */
		D366736B162AB26A0087B8BF /* InfoPlist.strings */ = {
			isa = PBXVariantGroup;
			children = (
				D366736C162AB26A0087B8BF /* en */,
			);
			name = InfoPlist.strings;
			sourceTree = "<group>";
		};
		D3667389162AB26A0087B8BF /* InfoPlist.strings */ = {
			isa = PBXVariantGroup;
			children = (
				D366738A162AB26A0087B8BF /* en */,
			);
			name = InfoPlist.strings;
			sourceTree = "<group>";
		};
/* End PBXVariantGroup section */

/* Begin XCBuildConfiguration section */
		D366738F162AB26A0087B8BF /* Debug */ = {
			isa = XCBuildConfiguration;
			buildSettings = {
				ALWAYS_SEARCH_USER_PATHS = NO;
				CLANG_CXX_LANGUAGE_STANDARD = "gnu++0x";
				CLANG_CXX_LIBRARY = "libc++";
				CLANG_WARN_EMPTY_BODY = YES;
				CLANG_WARN__DUPLICATE_METHOD_MATCH = YES;
				"CODE_SIGN_IDENTITY[sdk=iphoneos*]" = "iPhone Developer";
				COPY_PHASE_STRIP = NO;
				GCC_C_LANGUAGE_STANDARD = gnu99;
				GCC_DYNAMIC_NO_PIC = NO;
				GCC_OPTIMIZATION_LEVEL = 0;
				GCC_PREPROCESSOR_DEFINITIONS = (
					"DEBUG=1",
					"$(inherited)",
				);
				GCC_SYMBOLS_PRIVATE_EXTERN = NO;
				GCC_WARN_ABOUT_RETURN_TYPE = YES;
				GCC_WARN_UNINITIALIZED_AUTOS = YES;
				GCC_WARN_UNUSED_VARIABLE = YES;
				IPHONEOS_DEPLOYMENT_TARGET = 6.0;
				SDKROOT = iphoneos;
			};
			name = Debug;
		};
		D3667390162AB26A0087B8BF /* Release */ = {
			isa = XCBuildConfiguration;
			buildSettings = {
				ALWAYS_SEARCH_USER_PATHS = NO;
				CLANG_CXX_LANGUAGE_STANDARD = "gnu++0x";
				CLANG_CXX_LIBRARY = "libc++";
				CLANG_WARN_EMPTY_BODY = YES;
				CLANG_WARN__DUPLICATE_METHOD_MATCH = YES;
				"CODE_SIGN_IDENTITY[sdk=iphoneos*]" = "iPhone Developer";
				COPY_PHASE_STRIP = YES;
				GCC_C_LANGUAGE_STANDARD = gnu99;
				GCC_WARN_ABOUT_RETURN_TYPE = YES;
				GCC_WARN_UNINITIALIZED_AUTOS = YES;
				GCC_WARN_UNUSED_VARIABLE = YES;
				IPHONEOS_DEPLOYMENT_TARGET = 6.0;
				OTHER_CFLAGS = "-DNS_BLOCK_ASSERTIONS=1";
				SDKROOT = iphoneos;
				VALIDATE_PRODUCT = YES;
			};
			name = Release;
		};
		D3667392162AB26A0087B8BF /* Debug */ = {
			isa = XCBuildConfiguration;
			buildSettings = {
				GCC_PRECOMPILE_PREFIX_HEADER = YES;
				GCC_PREFIX_HEADER = "GitLabAPI/GitLabAPI-Prefix.pch";
				INFOPLIST_FILE = "GitLabAPI/GitLabAPI-Info.plist";
				PRODUCT_NAME = "$(TARGET_NAME)";
				WRAPPER_EXTENSION = app;
			};
			name = Debug;
		};
		D3667393162AB26A0087B8BF /* Release */ = {
			isa = XCBuildConfiguration;
			buildSettings = {
				GCC_PRECOMPILE_PREFIX_HEADER = YES;
				GCC_PREFIX_HEADER = "GitLabAPI/GitLabAPI-Prefix.pch";
				INFOPLIST_FILE = "GitLabAPI/GitLabAPI-Info.plist";
				PRODUCT_NAME = "$(TARGET_NAME)";
				WRAPPER_EXTENSION = app;
			};
			name = Release;
		};
		D3667395162AB26A0087B8BF /* Debug */ = {
			isa = XCBuildConfiguration;
			buildSettings = {
				BUNDLE_LOADER = "$(BUILT_PRODUCTS_DIR)/GitLabAPI.app/GitLabAPI";
				FRAMEWORK_SEARCH_PATHS = (
					"\"$(SDKROOT)/Developer/Library/Frameworks\"",
					"\"$(DEVELOPER_LIBRARY_DIR)/Frameworks\"",
				);
				GCC_PRECOMPILE_PREFIX_HEADER = YES;
				GCC_PREFIX_HEADER = "GitLabAPI/GitLabAPI-Prefix.pch";
				INFOPLIST_FILE = "GitLabAPITests/GitLabAPITests-Info.plist";
				PRODUCT_NAME = "$(TARGET_NAME)";
				TEST_HOST = "$(BUNDLE_LOADER)";
				WRAPPER_EXTENSION = octest;
			};
			name = Debug;
		};
		D3667396162AB26A0087B8BF /* Release */ = {
			isa = XCBuildConfiguration;
			buildSettings = {
				BUNDLE_LOADER = "$(BUILT_PRODUCTS_DIR)/GitLabAPI.app/GitLabAPI";
				FRAMEWORK_SEARCH_PATHS = (
					"\"$(SDKROOT)/Developer/Library/Frameworks\"",
					"\"$(DEVELOPER_LIBRARY_DIR)/Frameworks\"",
				);
				GCC_PRECOMPILE_PREFIX_HEADER = YES;
				GCC_PREFIX_HEADER = "GitLabAPI/GitLabAPI-Prefix.pch";
				INFOPLIST_FILE = "GitLabAPITests/GitLabAPITests-Info.plist";
				PRODUCT_NAME = "$(TARGET_NAME)";
				TEST_HOST = "$(BUNDLE_LOADER)";
				WRAPPER_EXTENSION = octest;
			};
			name = Release;
		};
/* End XCBuildConfiguration section */

/* Begin XCConfigurationList section */
		D3667358162AB26A0087B8BF /* Build configuration list for PBXProject "GitLabAPI" */ = {
			isa = XCConfigurationList;
			buildConfigurations = (
				D366738F162AB26A0087B8BF /* Debug */,
				D3667390162AB26A0087B8BF /* Release */,
			);
			defaultConfigurationIsVisible = 0;
			defaultConfigurationName = Release;
		};
		D3667391162AB26A0087B8BF /* Build configuration list for PBXNativeTarget "GitLabAPI" */ = {
			isa = XCConfigurationList;
			buildConfigurations = (
				D3667392162AB26A0087B8BF /* Debug */,
				D3667393162AB26A0087B8BF /* Release */,
			);
			defaultConfigurationIsVisible = 0;
		};
		D3667394162AB26A0087B8BF /* Build configuration list for PBXNativeTarget "GitLabAPITests" */ = {
			isa = XCConfigurationList;
			buildConfigurations = (
				D3667395162AB26A0087B8BF /* Debug */,
				D3667396162AB26A0087B8BF /* Release */,
			);
			defaultConfigurationIsVisible = 0;
		};
/* End XCConfigurationList section */
	};
	rootObject = D3667355162AB26A0087B8BF /* Project object */;
}
